
Microsoft Visual Studio Solution File, Format Version 12.00
# Visual Studio Version 17
VisualStudioVersion = 17.8.34316.72
MinimumVisualStudioVersion = 10.0.40219.1
Project("{FAE04EC0-301F-11D3-BF4B-00C04F79EFBC}") = "DevAccounts.Domain", "DevAccounts.Domain\DevAccounts.Domain.csproj", "{0D41AEFF-8B39-4C7A-9631-78A3D5F73C09}"
EndProject
Project("{FAE04EC0-301F-11D3-BF4B-00C04F79EFBC}") = "DevStore.Data", "DevStore.Data\DevStore.Data.csproj", "{8EBBB0BC-EC52-4E3E-91F2-2201B43C9577}"
EndProject
Project("{FAE04EC0-301F-11D3-BF4B-00C04F79EFBC}") = "DevStore.Web", "DevStore.Web\DevStore.Web.csproj", "{0D8AB668-30F9-4A2E-82C1-ABE942E98DE5}"
EndProject
Global
	GlobalSection(SolutionConfigurationPlatforms) = preSolution
		Debug|Any CPU = Debug|Any CPU
		Release|Any CPU = Release|Any CPU
	EndGlobalSection
	GlobalSection(ProjectConfigurationPlatforms) = postSolution
		{0D41AEFF-8B39-4C7A-9631-78A3D5F73C09}.Debug|Any CPU.ActiveCfg = Debug|Any CPU
		{0D41AEFF-8B39-4C7A-9631-78A3D5F73C09}.Debug|Any CPU.Build.0 = Debug|Any CPU
		{0D41AEFF-8B39-4C7A-9631-78A3D5F73C09}.Release|Any CPU.ActiveCfg = Release|Any CPU
		{0D41AEFF-8B39-4C7A-9631-78A3D5F73C09}.Release|Any CPU.Build.0 = Release|Any CPU
		{8EBBB0BC-EC52-4E3E-91F2-2201B43C9577}.Debug|Any CPU.ActiveCfg = Debug|Any CPU
		{8EBBB0BC-EC52-4E3E-91F2-2201B43C9577}.Debug|Any CPU.Build.0 = Debug|Any CPU
		{8EBBB0BC-EC52-4E3E-91F2-2201B43C9577}.Release|Any CPU.ActiveCfg = Release|Any CPU
		{8EBBB0BC-EC52-4E3E-91F2-2201B43C9577}.Release|Any CPU.Build.0 = Release|Any CPU
		{0D8AB668-30F9-4A2E-82C1-ABE942E98DE5}.Debug|Any CPU.ActiveCfg = Debug|Any CPU
		{0D8AB668-30F9-4A2E-82C1-ABE942E98DE5}.Debug|Any CPU.Build.0 = Debug|Any CPU
		{0D8AB668-30F9-4A2E-82C1-ABE942E98DE5}.Release|Any CPU.ActiveCfg = Release|Any CPU
		{0D8AB668-30F9-4A2E-82C1-ABE942E98DE5}.Release|Any CPU.Build.0 = Release|Any CPU
	EndGlobalSection
	GlobalSection(SolutionProperties) = preSolution
		HideSolutionNode = FALSE
	EndGlobalSection
	GlobalSection(ExtensibilityGlobals) = postSolution
		SolutionGuid = {035140D1-26FD-4F61-AF15-7312A965FBB9}
	EndGlobalSection
EndGlobal
